
Microsoft Visual Studio Solution File, Format Version 12.00
# Visual Studio Version 17
VisualStudioVersion = 17.7.34221.43
MinimumVisualStudioVersion = 10.0.40219.1
Project("{FAE04EC0-301F-11D3-BF4B-00C04F79EFBC}") = "Accessories", "Accessories\Accessories.csproj", "{027CB8AF-6D71-4BB0-AC1F-A4D5B7920C07}"
EndProject
Global
	GlobalSection(SolutionConfigurationPlatforms) = preSolution
		Debug|Any CPU = Debug|Any CPU
		Release|Any CPU = Release|Any CPU
	EndGlobalSection
	GlobalSection(ProjectConfigurationPlatforms) = postSolution
		{027CB8AF-6D71-4BB0-AC1F-A4D5B7920C07}.Debug|Any CPU.ActiveCfg = Debug|Any CPU
		{027CB8AF-6D71-4BB0-AC1F-A4D5B7920C07}.Debug|Any CPU.Build.0 = Debug|Any CPU
		{027CB8AF-6D71-4BB0-AC1F-A4D5B7920C07}.Release|Any CPU.ActiveCfg = Release|Any CPU
		{027CB8AF-6D71-4BB0-AC1F-A4D5B7920C07}.Release|Any CPU.Build.0 = Release|Any CPU
	EndGlobalSection
	GlobalSection(SolutionProperties) = preSolution
		HideSolutionNode = FALSE
	EndGlobalSection
	GlobalSection(ExtensibilityGlobals) = postSolution
		SolutionGuid = {0BB8FB37-C291-4D21-A961-53A3FDEE7453}
	EndGlobalSection
EndGlobal
